{
  "nodes": {
    "flake-utils": {
      "inputs": {
        "systems": "systems"
      },
      "locked": {
        "lastModified": 1731533236,
        "narHash": "sha256-l0KFg5HjrsfsO/JpG+r7fRrqm12kzFHyUHqHCVpMMbI=",
        "owner": "numtide",
        "repo": "flake-utils",
        "rev": "11707dc2f618dd54ca8739b309ec4fc024de578b",
        "type": "github"
      },
      "original": {
        "owner": "numtide",
        "repo": "flake-utils",
        "type": "github"
      }
    },
    "kaitai_struct_formats": {
      "flake": false,
      "locked": {
        "lastModified": 1777972357,
        "narHash": "sha256-QWU5yH65VIypOQDsWCmB/oV5LMCv/xaBm2cssFDGMnw=",
        "owner": "kaitai-io",
        "repo": "kaitai_struct_formats",
        "rev": "825fb466261eaae6678a7c7f0cbd45aeecf79012",
        "type": "github"
      },
      "original": {
        "owner": "kaitai-io",
        "repo": "kaitai_struct_formats",
        "type": "github"
      }
    },
    "kaitai_struct_tests": {
      "flake": false,
      "locked": {
        "lastModified": 1777845409,
        "narHash": "sha256-6O2U7Zm7AeZRIifrWXKCRSGJ2B5vxLXA+TznbsOpQfM=",
        "owner": "kaitai-io",
        "repo": "kaitai_struct_tests",
        "rev": "59afee013e1a8e5fb894ca99838f55ef7b329cb3",
        "type": "github"
      },
      "original": {
        "owner": "kaitai-io",
        "repo": "kaitai_struct_tests",
        "type": "github"
      }
    },
    "nixpkgs": {
      "locked": {
        "lastModified": 1778978704,
        "narHash": "sha256-MbSs4y7tDAGeD9df5Skn3Nh+ECfk+IulVw4zl9eRy50=",
        "owner": "nixos",
        "repo": "nixpkgs",
        "rev": "d5d5f7ba933ff3f7ef2b428c7da168367480857f",
        "type": "github"
      },
      "original": {
        "owner": "nixos",
        "repo": "nixpkgs",
        "type": "github"
      }
    },
    "root": {
      "inputs": {
        "flake-utils": "flake-utils",
        "kaitai_struct_formats": "kaitai_struct_formats",
        "kaitai_struct_tests": "kaitai_struct_tests",
        "nixpkgs": "nixpkgs"
      }
    },
    "systems": {
      "locked": {
        "lastModified": 1681028828,
        "narHash": "sha256-Vy1rq5AaRuLzOxct8nz4T6wlgyUR7zLU309k9mBC768=",
        "owner": "nix-systems",
        "repo": "default",
        "rev": "da67096a3b9bf56a91d16901293e51ba5b49a27e",
        "type": "github"
      },
      "original": {
        "owner": "nix-systems",
        "repo": "default",
        "type": "github"
      }
    }
  },
  "root": "root",
  "version": 7
}
