{
  "nodes": {
    "flake-utils": {
      "inputs": {
        "systems": "systems"
      },
      "locked": {
        "lastModified": 1731533236,
        "narHash": "sha256-l0KFg5HjrsfsO/JpG+r7fRrqm12kzFHyUHqHCVpMMbI=",
        "owner": "numtide",
        "repo": "flake-utils",
        "rev": "11707dc2f618dd54ca8739b309ec4fc024de578b",
        "type": "github"
      },
      "original": {
        "owner": "numtide",
        "repo": "flake-utils",
        "type": "github"
      }
    },
    "kaitai_struct_tests": {
      "flake": false,
      "locked": {
        "lastModified": 1746116191,
        "narHash": "sha256-P1OVK59rwphTi76/+6GdrVrLvl65vNwrm7l5Ot/KIrc=",
        "owner": "kaitai-io",
        "repo": "kaitai_struct_tests",
        "rev": "0914597c9256b19259c194bfa8877af2218152e6",
        "type": "github"
      },
      "original": {
        "owner": "kaitai-io",
        "repo": "kaitai_struct_tests",
        "type": "github"
      }
    },
    "nixpkgs": {
      "locked": {
        "lastModified": 1753984863,
        "narHash": "sha256-+Xxd39ZwS69s0E1QlkoqEL7c3YA5uXTsmLx9A/GwTm0=",
        "owner": "nixos",
        "repo": "nixpkgs",
        "rev": "b4d340fb7babe7bdc633fa91c81667cf50940397",
        "type": "github"
      },
      "original": {
        "owner": "nixos",
        "repo": "nixpkgs",
        "type": "github"
      }
    },
    "root": {
      "inputs": {
        "flake-utils": "flake-utils",
        "kaitai_struct_tests": "kaitai_struct_tests",
        "nixpkgs": "nixpkgs"
      }
    },
    "systems": {
      "locked": {
        "lastModified": 1681028828,
        "narHash": "sha256-Vy1rq5AaRuLzOxct8nz4T6wlgyUR7zLU309k9mBC768=",
        "owner": "nix-systems",
        "repo": "default",
        "rev": "da67096a3b9bf56a91d16901293e51ba5b49a27e",
        "type": "github"
      },
      "original": {
        "owner": "nix-systems",
        "repo": "default",
        "type": "github"
      }
    }
  },
  "root": "root",
  "version": 7
}
