{
  "nodes": {
    "flake-utils": {
      "inputs": {
        "systems": "systems"
      },
      "locked": {
        "lastModified": 1731533236,
        "narHash": "sha256-l0KFg5HjrsfsO/JpG+r7fRrqm12kzFHyUHqHCVpMMbI=",
        "owner": "numtide",
        "repo": "flake-utils",
        "rev": "11707dc2f618dd54ca8739b309ec4fc024de578b",
        "type": "github"
      },
      "original": {
        "owner": "numtide",
        "repo": "flake-utils",
        "type": "github"
      }
    },
    "kaitai_struct_tests": {
      "flake": false,
      "locked": {
        "lastModified": 1741216511,
        "narHash": "sha256-Psddx7d8R8nTAKBJQ+E0xOHbYB6Utwtt1WQtJmvSJbs=",
        "owner": "kaitai-io",
        "repo": "kaitai_struct_tests",
        "rev": "6840cf23007be7e0fbfb78d2a0ce44437b543992",
        "type": "github"
      },
      "original": {
        "owner": "kaitai-io",
        "repo": "kaitai_struct_tests",
        "type": "github"
      }
    },
    "nixpkgs": {
      "locked": {
        "lastModified": 1741700793,
        "narHash": "sha256-Q3z6Wm+Hu7sjOO0q5LZS8pon8AX/Mv8JTPspYl/DDjI=",
        "owner": "nixos",
        "repo": "nixpkgs",
        "rev": "ef659e24e6846fbaac7fae64ceb7b8ef5708c66a",
        "type": "github"
      },
      "original": {
        "owner": "nixos",
        "repo": "nixpkgs",
        "type": "github"
      }
    },
    "root": {
      "inputs": {
        "flake-utils": "flake-utils",
        "kaitai_struct_tests": "kaitai_struct_tests",
        "nixpkgs": "nixpkgs"
      }
    },
    "systems": {
      "locked": {
        "lastModified": 1681028828,
        "narHash": "sha256-Vy1rq5AaRuLzOxct8nz4T6wlgyUR7zLU309k9mBC768=",
        "owner": "nix-systems",
        "repo": "default",
        "rev": "da67096a3b9bf56a91d16901293e51ba5b49a27e",
        "type": "github"
      },
      "original": {
        "owner": "nix-systems",
        "repo": "default",
        "type": "github"
      }
    }
  },
  "root": "root",
  "version": 7
}
